
Microsoft Visual Studio Solution File, Format Version 12.00
# Visual Studio Version 16
VisualStudioVersion = 16.0.31702.278
MinimumVisualStudioVersion = 10.0.40219.1
Project("{9A19103F-16F7-4668-BE54-9A1E7A4F7556}") = "TestMVVM", "TestMVVM\TestMVVM.csproj", "{E43BC6CA-3761-4B76-BBF2-AEE20E417F06}"
EndProject
Project("{FAE04EC0-301F-11D3-BF4B-00C04F79EFBC}") = "TestMVVM.Shared", "TestMVVM.Shared\TestMVVM.Shared.csproj", "{1B96EA06-6099-4719-8228-3DB0B662B849}"
EndProject
Global
	GlobalSection(SolutionConfigurationPlatforms) = preSolution
		Debug|Any CPU = Debug|Any CPU
		Release|Any CPU = Release|Any CPU
	EndGlobalSection
	GlobalSection(ProjectConfigurationPlatforms) = postSolution
		{E43BC6CA-3761-4B76-BBF2-AEE20E417F06}.Debug|Any CPU.ActiveCfg = Debug|Any CPU
		{E43BC6CA-3761-4B76-BBF2-AEE20E417F06}.Debug|Any CPU.Build.0 = Debug|Any CPU
		{E43BC6CA-3761-4B76-BBF2-AEE20E417F06}.Release|Any CPU.ActiveCfg = Release|Any CPU
		{E43BC6CA-3761-4B76-BBF2-AEE20E417F06}.Release|Any CPU.Build.0 = Release|Any CPU
		{1B96EA06-6099-4719-8228-3DB0B662B849}.Debug|Any CPU.ActiveCfg = Debug|Any CPU
		{1B96EA06-6099-4719-8228-3DB0B662B849}.Debug|Any CPU.Build.0 = Debug|Any CPU
		{1B96EA06-6099-4719-8228-3DB0B662B849}.Release|Any CPU.ActiveCfg = Release|Any CPU
		{1B96EA06-6099-4719-8228-3DB0B662B849}.Release|Any CPU.Build.0 = Release|Any CPU
	EndGlobalSection
	GlobalSection(SolutionProperties) = preSolution
		HideSolutionNode = FALSE
	EndGlobalSection
	GlobalSection(ExtensibilityGlobals) = postSolution
		SolutionGuid = {8989011C-4BE3-45D4-9F92-D20A6BF78D61}
	EndGlobalSection
EndGlobal
